// !$*UTF8*$!
{
	archiveVersion = 1;
	classes = {
	};
	objectVersion = 48;
	objects = {

/* Begin PBXBuildFile section */
		03ECDF7F1FC8DAB000322FDC /* AppDelegate.swift in Sources */ = {isa = PBXBuildFile; fileRef = 03ECDF7E1FC8DAB000322FDC /* AppDelegate.swift */; };
		03ECDF841FC8DAB000322FDC /* Main.storyboard in Resources */ = {isa = PBXBuildFile; fileRef = 03ECDF821FC8DAB000322FDC /* Main.storyboard */; };
		03ECDF861FC8DAB000322FDC /* Assets.xcassets in Resources */ = {isa = PBXBuildFile; fileRef = 03ECDF851FC8DAB000322FDC /* Assets.xcassets */; };
		03ECDF891FC8DAB000322FDC /* LaunchScreen.storyboard in Resources */ = {isa = PBXBuildFile; fileRef = 03ECDF871FC8DAB000322FDC /* LaunchScreen.storyboard */; };
		03ECDF941FC8DAB000322FDC /* YourTurnTests.swift in Sources */ = {isa = PBXBuildFile; fileRef = 03ECDF931FC8DAB000322FDC /* YourTurnTests.swift */; };
		03ECDF9F1FC8E1B100322FDC /* PlayerSwitchViewController.swift in Sources */ = {isa = PBXBuildFile; fileRef = 03ECDF9E1FC8E1B100322FDC /* PlayerSwitchViewController.swift */; };
		03ECDFA11FC8E1FD00322FDC /* CountdownButton.swift in Sources */ = {isa = PBXBuildFile; fileRef = 03ECDFA01FC8E1FD00322FDC /* CountdownButton.swift */; };
/* End PBXBuildFile section */

/* Begin PBXContainerItemProxy section */
		03ECDF901FC8DAB000322FDC /* PBXContainerItemProxy */ = {
			isa = PBXContainerItemProxy;
			containerPortal = 03ECDF731FC8DAB000322FDC /* Project object */;
			proxyType = 1;
			remoteGlobalIDString = 03ECDF7A1FC8DAB000322FDC;
			remoteInfo = YourTurn;
		};
/* End PBXContainerItemProxy section */

/* Begin PBXFileReference section */
		03ECDF7B1FC8DAB000322FDC /* YourTurn.app */ = {isa = PBXFileReference; explicitFileType = wrapper.application; includeInIndex = 0; path = YourTurn.app; sourceTree = BUILT_PRODUCTS_DIR; };
		03ECDF7E1FC8DAB000322FDC /* AppDelegate.swift */ = {isa = PBXFileReference; lastKnownFileType = sourcecode.swift; path = AppDelegate.swift; sourceTree = "<group>"; };
		03ECDF831FC8DAB000322FDC /* Base */ = {isa = PBXFileReference; lastKnownFileType = file.storyboard; name = Base; path = Base.lproj/Main.storyboard; sourceTree = "<group>"; };
		03ECDF851FC8DAB000322FDC /* Assets.xcassets */ = {isa = PBXFileReference; lastKnownFileType = folder.assetcatalog; path = Assets.xcassets; sourceTree = "<group>"; };
		03ECDF881FC8DAB000322FDC /* Base */ = {isa = PBXFileReference; lastKnownFileType = file.storyboard; name = Base; path = Base.lproj/LaunchScreen.storyboard; sourceTree = "<group>"; };
		03ECDF8A1FC8DAB000322FDC /* Info.plist */ = {isa = PBXFileReference; lastKnownFileType = text.plist.xml; path = Info.plist; sourceTree = "<group>"; };
		03ECDF8F1FC8DAB000322FDC /* YourTurnTests.xctest */ = {isa = PBXFileReference; explicitFileType = wrapper.cfbundle; includeInIndex = 0; path = YourTurnTests.xctest; sourceTree = BUILT_PRODUCTS_DIR; };
		03ECDF931FC8DAB000322FDC /* YourTurnTests.swift */ = {isa = PBXFileReference; lastKnownFileType = sourcecode.swift; path = YourTurnTests.swift; sourceTree = "<group>"; };
		03ECDF951FC8DAB000322FDC /* Info.plist */ = {isa = PBXFileReference; lastKnownFileType = text.plist.xml; path = Info.plist; sourceTree = "<group>"; };
		03ECDF9E1FC8E1B100322FDC /* PlayerSwitchViewController.swift */ = {isa = PBXFileReference; lastKnownFileType = sourcecode.swift; path = PlayerSwitchViewController.swift; sourceTree = "<group>"; };
		03ECDFA01FC8E1FD00322FDC /* CountdownButton.swift */ = {isa = PBXFileReference; lastKnownFileType = sourcecode.swift; path = CountdownButton.swift; sourceTree = "<group>"; };
/* End PBXFileReference section */

/* Begin PBXFrameworksBuildPhase section */
		03ECDF781FC8DAB000322FDC /* Frameworks */ = {
			isa = PBXFrameworksBuildPhase;
			buildActionMask = 2147483647;
			files = (
			);
			runOnlyForDeploymentPostprocessing = 0;
		};
		03ECDF8C1FC8DAB000322FDC /* Frameworks */ = {
			isa = PBXFrameworksBuildPhase;
			buildActionMask = 2147483647;
			files = (
			);
			runOnlyForDeploymentPostprocessing = 0;
		};
/* End PBXFrameworksBuildPhase section */

/* Begin PBXGroup section */
		03ECDF721FC8DAB000322FDC = {
			isa = PBXGroup;
			children = (
				03ECDF7D1FC8DAB000322FDC /* YourTurn */,
				03ECDF921FC8DAB000322FDC /* YourTurnTests */,
				03ECDF7C1FC8DAB000322FDC /* Products */,
			);
			sourceTree = "<group>";
		};
		03ECDF7C1FC8DAB000322FDC /* Products */ = {
			isa = PBXGroup;
			children = (
				03ECDF7B1FC8DAB000322FDC /* YourTurn.app */,
				03ECDF8F1FC8DAB000322FDC /* YourTurnTests.xctest */,
			);
			name = Products;
			sourceTree = "<group>";
		};
		03ECDF7D1FC8DAB000322FDC /* YourTurn */ = {
			isa = PBXGroup;
			children = (
				03ECDF7E1FC8DAB000322FDC /* AppDelegate.swift */,
				03ECDF821FC8DAB000322FDC /* Main.storyboard */,
				03ECDF9E1FC8E1B100322FDC /* PlayerSwitchViewController.swift */,
				03ECDFA01FC8E1FD00322FDC /* CountdownButton.swift */,
				03ECDF851FC8DAB000322FDC /* Assets.xcassets */,
				03ECDF871FC8DAB000322FDC /* LaunchScreen.storyboard */,
				03ECDF8A1FC8DAB000322FDC /* Info.plist */,
			);
			path = YourTurn;
			sourceTree = "<group>";
		};
		03ECDF921FC8DAB000322FDC /* YourTurnTests */ = {
			isa = PBXGroup;
			children = (
				03ECDF931FC8DAB000322FDC /* YourTurnTests.swift */,
				03ECDF951FC8DAB000322FDC /* Info.plist */,
			);
			path = YourTurnTests;
			sourceTree = "<group>";
		};
/* End PBXGroup section */

/* Begin PBXNativeTarget section */
		03ECDF7A1FC8DAB000322FDC /* YourTurn */ = {
			isa = PBXNativeTarget;
			buildConfigurationList = 03ECDF981FC8DAB000322FDC /* Build configuration list for PBXNativeTarget "YourTurn" */;
			buildPhases = (
				03ECDF771FC8DAB000322FDC /* Sources */,
				03ECDF781FC8DAB000322FDC /* Frameworks */,
				03ECDF791FC8DAB000322FDC /* Resources */,
			);
			buildRules = (
			);
			dependencies = (
			);
			name = YourTurn;
			productName = YourTurn;
			productReference = 03ECDF7B1FC8DAB000322FDC /* YourTurn.app */;
			productType = "com.apple.product-type.application";
		};
		03ECDF8E1FC8DAB000322FDC /* YourTurnTests */ = {
			isa = PBXNativeTarget;
			buildConfigurationList = 03ECDF9B1FC8DAB000322FDC /* Build configuration list for PBXNativeTarget "YourTurnTests" */;
			buildPhases = (
				03ECDF8B1FC8DAB000322FDC /* Sources */,
				03ECDF8C1FC8DAB000322FDC /* Frameworks */,
				03ECDF8D1FC8DAB000322FDC /* Resources */,
			);
			buildRules = (
			);
			dependencies = (
				03ECDF911FC8DAB000322FDC /* PBXTargetDependency */,
			);
			name = YourTurnTests;
			productName = YourTurnTests;
			productReference = 03ECDF8F1FC8DAB000322FDC /* YourTurnTests.xctest */;
			productType = "com.apple.product-type.bundle.unit-test";
		};
/* End PBXNativeTarget section */

/* Begin PBXProject section */
		03ECDF731FC8DAB000322FDC /* Project object */ = {
			isa = PBXProject;
			attributes = {
				LastSwiftUpdateCheck = 0900;
				LastUpgradeCheck = 0900;
				ORGANIZATIONNAME = "Wool Sweater Soft";
				TargetAttributes = {
					03ECDF7A1FC8DAB000322FDC = {
						CreatedOnToolsVersion = 9.0;
						ProvisioningStyle = Automatic;
					};
					03ECDF8E1FC8DAB000322FDC = {
						CreatedOnToolsVersion = 9.0;
						ProvisioningStyle = Automatic;
						TestTargetID = 03ECDF7A1FC8DAB000322FDC;
					};
				};
			};
			buildConfigurationList = 03ECDF761FC8DAB000322FDC /* Build configuration list for PBXProject "YourTurn" */;
			compatibilityVersion = "Xcode 8.0";
			developmentRegion = en;
			hasScannedForEncodings = 0;
			knownRegions = (
				en,
				Base,
			);
			mainGroup = 03ECDF721FC8DAB000322FDC;
			productRefGroup = 03ECDF7C1FC8DAB000322FDC /* Products */;
			projectDirPath = "";
			projectRoot = "";
			targets = (
				03ECDF7A1FC8DAB000322FDC /* YourTurn */,
				03ECDF8E1FC8DAB000322FDC /* YourTurnTests */,
			);
		};
/* End PBXProject section */

/* Begin PBXResourcesBuildPhase section */
		03ECDF791FC8DAB000322FDC /* Resources */ = {
			isa = PBXResourcesBuildPhase;
			buildActionMask = 2147483647;
			files = (
				03ECDF891FC8DAB000322FDC /* LaunchScreen.storyboard in Resources */,
				03ECDF861FC8DAB000322FDC /* Assets.xcassets in Resources */,
				03ECDF841FC8DAB000322FDC /* Main.storyboard in Resources */,
			);
			runOnlyForDeploymentPostprocessing = 0;
		};
		03ECDF8D1FC8DAB000322FDC /* Resources */ = {
			isa = PBXResourcesBuildPhase;
			buildActionMask = 2147483647;
			files = (
			);
			runOnlyForDeploymentPostprocessing = 0;
		};
/* End PBXResourcesBuildPhase section */

/* Begin PBXSourcesBuildPhase section */
		03ECDF771FC8DAB000322FDC /* Sources */ = {
			isa = PBXSourcesBuildPhase;
			buildActionMask = 2147483647;
			files = (
				03ECDF9F1FC8E1B100322FDC /* PlayerSwitchViewController.swift in Sources */,
				03ECDF7F1FC8DAB000322FDC /* AppDelegate.swift in Sources */,
				03ECDFA11FC8E1FD00322FDC /* CountdownButton.swift in Sources */,
			);
			runOnlyForDeploymentPostprocessing = 0;
		};
		03ECDF8B1FC8DAB000322FDC /* Sources */ = {
			isa = PBXSourcesBuildPhase;
			buildActionMask = 2147483647;
			files = (
				03ECDF941FC8DAB000322FDC /* YourTurnTests.swift in Sources */,
			);
			runOnlyForDeploymentPostprocessing = 0;
		};
/* End PBXSourcesBuildPhase section */

/* Begin PBXTargetDependency section */
		03ECDF911FC8DAB000322FDC /* PBXTargetDependency */ = {
			isa = PBXTargetDependency;
			target = 03ECDF7A1FC8DAB000322FDC /* YourTurn */;
			targetProxy = 03ECDF901FC8DAB000322FDC /* PBXContainerItemProxy */;
		};
/* End PBXTargetDependency section */

/* Begin PBXVariantGroup section */
		03ECDF821FC8DAB000322FDC /* Main.storyboard */ = {
			isa = PBXVariantGroup;
			children = (
				03ECDF831FC8DAB000322FDC /* Base */,
			);
			name = Main.storyboard;
			sourceTree = "<group>";
		};
		03ECDF871FC8DAB000322FDC /* LaunchScreen.storyboard */ = {
			isa = PBXVariantGroup;
			children = (
				03ECDF881FC8DAB000322FDC /* Base */,
			);
			name = LaunchScreen.storyboard;
			sourceTree = "<group>";
		};
/* End PBXVariantGroup section */

/* Begin XCBuildConfiguration section */
		03ECDF961FC8DAB000322FDC /* Debug */ = {
			isa = XCBuildConfiguration;
			buildSettings = {
				ALWAYS_SEARCH_USER_PATHS = NO;
				CLANG_ANALYZER_NONNULL = YES;
				CLANG_ANALYZER_NUMBER_OBJECT_CONVERSION = YES_AGGRESSIVE;
				CLANG_CXX_LANGUAGE_STANDARD = "gnu++14";
				CLANG_CXX_LIBRARY = "libc++";
				CLANG_ENABLE_MODULES = YES;
				CLANG_ENABLE_OBJC_ARC = YES;
				CLANG_WARN_BLOCK_CAPTURE_AUTORELEASING = YES;
				CLANG_WARN_BOOL_CONVERSION = YES;
				CLANG_WARN_COMMA = YES;
				CLANG_WARN_CONSTANT_CONVERSION = YES;
				CLANG_WARN_DIRECT_OBJC_ISA_USAGE = YES_ERROR;
				CLANG_WARN_DOCUMENTATION_COMMENTS = YES;
				CLANG_WARN_EMPTY_BODY = YES;
				CLANG_WARN_ENUM_CONVERSION = YES;
				CLANG_WARN_INFINITE_RECURSION = YES;
				CLANG_WARN_INT_CONVERSION = YES;
				CLANG_WARN_NON_LITERAL_NULL_CONVERSION = YES;
				CLANG_WARN_OBJC_LITERAL_CONVERSION = YES;
				CLANG_WARN_OBJC_ROOT_CLASS = YES_ERROR;
				CLANG_WARN_RANGE_LOOP_ANALYSIS = YES;
				CLANG_WARN_STRICT_PROTOTYPES = YES;
				CLANG_WARN_SUSPICIOUS_MOVE = YES;
				CLANG_WARN_UNGUARDED_AVAILABILITY = YES_AGGRESSIVE;
				CLANG_WARN_UNREACHABLE_CODE = YES;
				CLANG_WARN__DUPLICATE_METHOD_MATCH = YES;
				CODE_SIGN_IDENTITY = "iPhone Developer";
				COPY_PHASE_STRIP = NO;
				DEBUG_INFORMATION_FORMAT = dwarf;
				ENABLE_STRICT_OBJC_MSGSEND = YES;
				ENABLE_TESTABILITY = YES;
				GCC_C_LANGUAGE_STANDARD = gnu11;
				GCC_DYNAMIC_NO_PIC = NO;
				GCC_NO_COMMON_BLOCKS = YES;
				GCC_OPTIMIZATION_LEVEL = 0;
				GCC_PREPROCESSOR_DEFINITIONS = (
					"DEBUG=1",
					"$(inherited)",
				);
				GCC_WARN_64_TO_32_BIT_CONVERSION = YES;
				GCC_WARN_ABOUT_RETURN_TYPE = YES_ERROR;
				GCC_WARN_UNDECLARED_SELECTOR = YES;
				GCC_WARN_UNINITIALIZED_AUTOS = YES_AGGRESSIVE;
				GCC_WARN_UNUSED_FUNCTION = YES;
				GCC_WARN_UNUSED_VARIABLE = YES;
				IPHONEOS_DEPLOYMENT_TARGET = 11.0;
				MTL_ENABLE_DEBUG_INFO = YES;
				ONLY_ACTIVE_ARCH = YES;
				SDKROOT = iphoneos;
				SWIFT_ACTIVE_COMPILATION_CONDITIONS = DEBUG;
				SWIFT_OPTIMIZATION_LEVEL = "-Onone";
			};
			name = Debug;
		};
		03ECDF971FC8DAB000322FDC /* Release */ = {
			isa = XCBuildConfiguration;
			buildSettings = {
				ALWAYS_SEARCH_USER_PATHS = NO;
				CLANG_ANALYZER_NONNULL = YES;
				CLANG_ANALYZER_NUMBER_OBJECT_CONVERSION = YES_AGGRESSIVE;
				CLANG_CXX_LANGUAGE_STANDARD = "gnu++14";
				CLANG_CXX_LIBRARY = "libc++";
				CLANG_ENABLE_MODULES = YES;
				CLANG_ENABLE_OBJC_ARC = YES;
				CLANG_WARN_BLOCK_CAPTURE_AUTORELEASING = YES;
				CLANG_WARN_BOOL_CONVERSION = YES;
				CLANG_WARN_COMMA = YES;
				CLANG_WARN_CONSTANT_CONVERSION = YES;
				CLANG_WARN_DIRECT_OBJC_ISA_USAGE = YES_ERROR;
				CLANG_WARN_DOCUMENTATION_COMMENTS = YES;
				CLANG_WARN_EMPTY_BODY = YES;
				CLANG_WARN_ENUM_CONVERSION = YES;
				CLANG_WARN_INFINITE_RECURSION = YES;
				CLANG_WARN_INT_CONVERSION = YES;
				CLANG_WARN_NON_LITERAL_NULL_CONVERSION = YES;
				CLANG_WARN_OBJC_LITERAL_CONVERSION = YES;
				CLANG_WARN_OBJC_ROOT_CLASS = YES_ERROR;
				CLANG_WARN_RANGE_LOOP_ANALYSIS = YES;
				CLANG_WARN_STRICT_PROTOTYPES = YES;
				CLANG_WARN_SUSPICIOUS_MOVE = YES;
				CLANG_WARN_UNGUARDED_AVAILABILITY = YES_AGGRESSIVE;
				CLANG_WARN_UNREACHABLE_CODE = YES;
				CLANG_WARN__DUPLICATE_METHOD_MATCH = YES;
				CODE_SIGN_IDENTITY = "iPhone Developer";
				COPY_PHASE_STRIP = NO;
				DEBUG_INFORMATION_FORMAT = "dwarf-with-dsym";
				ENABLE_NS_ASSERTIONS = NO;
				ENABLE_STRICT_OBJC_MSGSEND = YES;
				GCC_C_LANGUAGE_STANDARD = gnu11;
				GCC_NO_COMMON_BLOCKS = YES;
				GCC_WARN_64_TO_32_BIT_CONVERSION = YES;
				GCC_WARN_ABOUT_RETURN_TYPE = YES_ERROR;
				GCC_WARN_UNDECLARED_SELECTOR = YES;
				GCC_WARN_UNINITIALIZED_AUTOS = YES_AGGRESSIVE;
				GCC_WARN_UNUSED_FUNCTION = YES;
				GCC_WARN_UNUSED_VARIABLE = YES;
				IPHONEOS_DEPLOYMENT_TARGET = 11.0;
				MTL_ENABLE_DEBUG_INFO = NO;
				SDKROOT = iphoneos;
				SWIFT_OPTIMIZATION_LEVEL = "-Owholemodule";
				VALIDATE_PRODUCT = YES;
			};
			name = Release;
		};
		03ECDF991FC8DAB000322FDC /* Debug */ = {
			isa = XCBuildConfiguration;
			buildSettings = {
				ASSETCATALOG_COMPILER_APPICON_NAME = AppIcon;
				CODE_SIGN_STYLE = Automatic;
				DEVELOPMENT_TEAM = F655DJ76U3;
				INFOPLIST_FILE = YourTurn/Info.plist;
				LD_RUNPATH_SEARCH_PATHS = "$(inherited) @executable_path/Frameworks";
				PRODUCT_BUNDLE_IDENTIFIER = WoolSweaterSoft.YourTurn;
				PRODUCT_NAME = "$(TARGET_NAME)";
				SWIFT_VERSION = 4.0;
				TARGETED_DEVICE_FAMILY = "1,2";
			};
			name = Debug;
		};
		03ECDF9A1FC8DAB000322FDC /* Release */ = {
			isa = XCBuildConfiguration;
			buildSettings = {
				ASSETCATALOG_COMPILER_APPICON_NAME = AppIcon;
				CODE_SIGN_STYLE = Automatic;
				DEVELOPMENT_TEAM = F655DJ76U3;
				INFOPLIST_FILE = YourTurn/Info.plist;
				LD_RUNPATH_SEARCH_PATHS = "$(inherited) @executable_path/Frameworks";
				PRODUCT_BUNDLE_IDENTIFIER = WoolSweaterSoft.YourTurn;
				PRODUCT_NAME = "$(TARGET_NAME)";
				SWIFT_VERSION = 4.0;
				TARGETED_DEVICE_FAMILY = "1,2";
			};
			name = Release;
		};
		03ECDF9C1FC8DAB000322FDC /* Debug */ = {
			isa = XCBuildConfiguration;
			buildSettings = {
				ALWAYS_EMBED_SWIFT_STANDARD_LIBRARIES = YES;
				BUNDLE_LOADER = "$(TEST_HOST)";
				CODE_SIGN_STYLE = Automatic;
				DEVELOPMENT_TEAM = F655DJ76U3;
				INFOPLIST_FILE = YourTurnTests/Info.plist;
				LD_RUNPATH_SEARCH_PATHS = "$(inherited) @executable_path/Frameworks @loader_path/Frameworks";
				PRODUCT_BUNDLE_IDENTIFIER = WoolSweaterSoft.YourTurnTests;
				PRODUCT_NAME = "$(TARGET_NAME)";
				SWIFT_VERSION = 4.0;
				TARGETED_DEVICE_FAMILY = "1,2";
				TEST_HOST = "$(BUILT_PRODUCTS_DIR)/YourTurn.app/YourTurn";
			};
			name = Debug;
		};
		03ECDF9D1FC8DAB000322FDC /* Release */ = {
			isa = XCBuildConfiguration;
			buildSettings = {
				ALWAYS_EMBED_SWIFT_STANDARD_LIBRARIES = YES;
				BUNDLE_LOADER = "$(TEST_HOST)";
				CODE_SIGN_STYLE = Automatic;
				DEVELOPMENT_TEAM = F655DJ76U3;
				INFOPLIST_FILE = YourTurnTests/Info.plist;
				LD_RUNPATH_SEARCH_PATHS = "$(inherited) @executable_path/Frameworks @loader_path/Frameworks";
				PRODUCT_BUNDLE_IDENTIFIER = WoolSweaterSoft.YourTurnTests;
				PRODUCT_NAME = "$(TARGET_NAME)";
				SWIFT_VERSION = 4.0;
				TARGETED_DEVICE_FAMILY = "1,2";
				TEST_HOST = "$(BUILT_PRODUCTS_DIR)/YourTurn.app/YourTurn";
			};
			name = Release;
		};
/* End XCBuildConfiguration section */

/* Begin XCConfigurationList section */
		03ECDF761FC8DAB000322FDC /* Build configuration list for PBXProject "YourTurn" */ = {
			isa = XCConfigurationList;
			buildConfigurations = (
				03ECDF961FC8DAB000322FDC /* Debug */,
				03ECDF971FC8DAB000322FDC /* Release */,
			);
			defaultConfigurationIsVisible = 0;
			defaultConfigurationName = Release;
		};
		03ECDF981FC8DAB000322FDC /* Build configuration list for PBXNativeTarget "YourTurn" */ = {
			isa = XCConfigurationList;
			buildConfigurations = (
				03ECDF991FC8DAB000322FDC /* Debug */,
				03ECDF9A1FC8DAB000322FDC /* Release */,
			);
			defaultConfigurationIsVisible = 0;
			defaultConfigurationName = Release;
		};
		03ECDF9B1FC8DAB000322FDC /* Build configuration list for PBXNativeTarget "YourTurnTests" */ = {
			isa = XCConfigurationList;
			buildConfigurations = (
				03ECDF9C1FC8DAB000322FDC /* Debug */,
				03ECDF9D1FC8DAB000322FDC /* Release */,
			);
			defaultConfigurationIsVisible = 0;
			defaultConfigurationName = Release;
		};
/* End XCConfigurationList section */
	};
	rootObject = 03ECDF731FC8DAB000322FDC /* Project object */;
}
